// !$*UTF8*$!
{
	archiveVersion = 1;
	classes = {
	};
	objectVersion = 50;
	objects = {

/* Begin PBXBuildFile section */
		E70BA016247A9C14005E6B26 /* AppDelegate.swift in Sources */ = {isa = PBXBuildFile; fileRef = E70BA015247A9C14005E6B26 /* AppDelegate.swift */; };
		E70BA018247A9C14005E6B26 /* SceneDelegate.swift in Sources */ = {isa = PBXBuildFile; fileRef = E70BA017247A9C14005E6B26 /* SceneDelegate.swift */; };
		E70BA01A247A9C14005E6B26 /* ViewController.swift in Sources */ = {isa = PBXBuildFile; fileRef = E70BA019247A9C14005E6B26 /* ViewController.swift */; };
		E70BA01D247A9C14005E6B26 /* Main.storyboard in Resources */ = {isa = PBXBuildFile; fileRef = E70BA01B247A9C14005E6B26 /* Main.storyboard */; };
		E70BA01F247A9C18005E6B26 /* Assets.xcassets in Resources */ = {isa = PBXBuildFile; fileRef = E70BA01E247A9C18005E6B26 /* Assets.xcassets */; };
		E70BA022247A9C18005E6B26 /* LaunchScreen.storyboard in Resources */ = {isa = PBXBuildFile; fileRef = E70BA020247A9C18005E6B26 /* LaunchScreen.storyboard */; };
		E70BA02D247A9C18005E6B26 /* Swift5_WCLShineButtonTests.swift in Sources */ = {isa = PBXBuildFile; fileRef = E70BA02C247A9C18005E6B26 /* Swift5_WCLShineButtonTests.swift */; };
		E70BA038247A9C18005E6B26 /* Swift5_WCLShineButtonUITests.swift in Sources */ = {isa = PBXBuildFile; fileRef = E70BA037247A9C18005E6B26 /* Swift5_WCLShineButtonUITests.swift */; };
/* End PBXBuildFile section */

/* Begin PBXContainerItemProxy section */
		E70BA029247A9C18005E6B26 /* PBXContainerItemProxy */ = {
			isa = PBXContainerItemProxy;
			containerPortal = E70BA00A247A9C14005E6B26 /* Project object */;
			proxyType = 1;
			remoteGlobalIDString = E70BA011247A9C14005E6B26;
			remoteInfo = "Swift5 WCLShineButton";
		};
		E70BA034247A9C18005E6B26 /* PBXContainerItemProxy */ = {
			isa = PBXContainerItemProxy;
			containerPortal = E70BA00A247A9C14005E6B26 /* Project object */;
			proxyType = 1;
			remoteGlobalIDString = E70BA011247A9C14005E6B26;
			remoteInfo = "Swift5 WCLShineButton";
		};
/* End PBXContainerItemProxy section */

/* Begin PBXFileReference section */
		E70BA012247A9C14005E6B26 /* Swift5 WCLShineButton.app */ = {isa = PBXFileReference; explicitFileType = wrapper.application; includeInIndex = 0; path = "Swift5 WCLShineButton.app"; sourceTree = BUILT_PRODUCTS_DIR; };
		E70BA015247A9C14005E6B26 /* AppDelegate.swift */ = {isa = PBXFileReference; lastKnownFileType = sourcecode.swift; path = AppDelegate.swift; sourceTree = "<group>"; };
		E70BA017247A9C14005E6B26 /* SceneDelegate.swift */ = {isa = PBXFileReference; lastKnownFileType = sourcecode.swift; path = SceneDelegate.swift; sourceTree = "<group>"; };
		E70BA019247A9C14005E6B26 /* ViewController.swift */ = {isa = PBXFileReference; lastKnownFileType = sourcecode.swift; path = ViewController.swift; sourceTree = "<group>"; };
		E70BA01C247A9C14005E6B26 /* Base */ = {isa = PBXFileReference; lastKnownFileType = file.storyboard; name = Base; path = Base.lproj/Main.storyboard; sourceTree = "<group>"; };
		E70BA01E247A9C18005E6B26 /* Assets.xcassets */ = {isa = PBXFileReference; lastKnownFileType = folder.assetcatalog; path = Assets.xcassets; sourceTree = "<group>"; };
		E70BA021247A9C18005E6B26 /* Base */ = {isa = PBXFileReference; lastKnownFileType = file.storyboard; name = Base; path = Base.lproj/LaunchScreen.storyboard; sourceTree = "<group>"; };
		E70BA023247A9C18005E6B26 /* Info.plist */ = {isa = PBXFileReference; lastKnownFileType = text.plist.xml; path = Info.plist; sourceTree = "<group>"; };
		E70BA028247A9C18005E6B26 /* Swift5 WCLShineButtonTests.xctest */ = {isa = PBXFileReference; explicitFileType = wrapper.cfbundle; includeInIndex = 0; path = "Swift5 WCLShineButtonTests.xctest"; sourceTree = BUILT_PRODUCTS_DIR; };
		E70BA02C247A9C18005E6B26 /* Swift5_WCLShineButtonTests.swift */ = {isa = PBXFileReference; lastKnownFileType = sourcecode.swift; path = Swift5_WCLShineButtonTests.swift; sourceTree = "<group>"; };
		E70BA02E247A9C18005E6B26 /* Info.plist */ = {isa = PBXFileReference; lastKnownFileType = text.plist.xml; path = Info.plist; sourceTree = "<group>"; };
		E70BA033247A9C18005E6B26 /* Swift5 WCLShineButtonUITests.xctest */ = {isa = PBXFileReference; explicitFileType = wrapper.cfbundle; includeInIndex = 0; path = "Swift5 WCLShineButtonUITests.xctest"; sourceTree = BUILT_PRODUCTS_DIR; };
		E70BA037247A9C18005E6B26 /* Swift5_WCLShineButtonUITests.swift */ = {isa = PBXFileReference; lastKnownFileType = sourcecode.swift; path = Swift5_WCLShineButtonUITests.swift; sourceTree = "<group>"; };
		E70BA039247A9C18005E6B26 /* Info.plist */ = {isa = PBXFileReference; lastKnownFileType = text.plist.xml; path = Info.plist; sourceTree = "<group>"; };
/* End PBXFileReference section */

/* Begin PBXFrameworksBuildPhase section */
		E70BA00F247A9C14005E6B26 /* Frameworks */ = {
			isa = PBXFrameworksBuildPhase;
			buildActionMask = 2147483647;
			files = (
			);
			runOnlyForDeploymentPostprocessing = 0;
		};
		E70BA025247A9C18005E6B26 /* Frameworks */ = {
			isa = PBXFrameworksBuildPhase;
			buildActionMask = 2147483647;
			files = (
			);
			runOnlyForDeploymentPostprocessing = 0;
		};
		E70BA030247A9C18005E6B26 /* Frameworks */ = {
			isa = PBXFrameworksBuildPhase;
			buildActionMask = 2147483647;
			files = (
			);
			runOnlyForDeploymentPostprocessing = 0;
		};
/* End PBXFrameworksBuildPhase section */

/* Begin PBXGroup section */
		E70BA009247A9C14005E6B26 = {
			isa = PBXGroup;
			children = (
				E70BA014247A9C14005E6B26 /* Swift5 WCLShineButton */,
				E70BA02B247A9C18005E6B26 /* Swift5 WCLShineButtonTests */,
				E70BA036247A9C18005E6B26 /* Swift5 WCLShineButtonUITests */,
				E70BA013247A9C14005E6B26 /* Products */,
			);
			sourceTree = "<group>";
		};
		E70BA013247A9C14005E6B26 /* Products */ = {
			isa = PBXGroup;
			children = (
				E70BA012247A9C14005E6B26 /* Swift5 WCLShineButton.app */,
				E70BA028247A9C18005E6B26 /* Swift5 WCLShineButtonTests.xctest */,
				E70BA033247A9C18005E6B26 /* Swift5 WCLShineButtonUITests.xctest */,
			);
			name = Products;
			sourceTree = "<group>";
		};
		E70BA014247A9C14005E6B26 /* Swift5 WCLShineButton */ = {
			isa = PBXGroup;
			children = (
				E70BA015247A9C14005E6B26 /* AppDelegate.swift */,
				E70BA017247A9C14005E6B26 /* SceneDelegate.swift */,
				E70BA019247A9C14005E6B26 /* ViewController.swift */,
				E70BA01B247A9C14005E6B26 /* Main.storyboard */,
				E70BA01E247A9C18005E6B26 /* Assets.xcassets */,
				E70BA020247A9C18005E6B26 /* LaunchScreen.storyboard */,
				E70BA023247A9C18005E6B26 /* Info.plist */,
			);
			path = "Swift5 WCLShineButton";
			sourceTree = "<group>";
		};
		E70BA02B247A9C18005E6B26 /* Swift5 WCLShineButtonTests */ = {
			isa = PBXGroup;
			children = (
				E70BA02C247A9C18005E6B26 /* Swift5_WCLShineButtonTests.swift */,
				E70BA02E247A9C18005E6B26 /* Info.plist */,
			);
			path = "Swift5 WCLShineButtonTests";
			sourceTree = "<group>";
		};
		E70BA036247A9C18005E6B26 /* Swift5 WCLShineButtonUITests */ = {
			isa = PBXGroup;
			children = (
				E70BA037247A9C18005E6B26 /* Swift5_WCLShineButtonUITests.swift */,
				E70BA039247A9C18005E6B26 /* Info.plist */,
			);
			path = "Swift5 WCLShineButtonUITests";
			sourceTree = "<group>";
		};
/* End PBXGroup section */

/* Begin PBXNativeTarget section */
		E70BA011247A9C14005E6B26 /* Swift5 WCLShineButton */ = {
			isa = PBXNativeTarget;
			buildConfigurationList = E70BA03C247A9C18005E6B26 /* Build configuration list for PBXNativeTarget "Swift5 WCLShineButton" */;
			buildPhases = (
				E70BA00E247A9C14005E6B26 /* Sources */,
				E70BA00F247A9C14005E6B26 /* Frameworks */,
				E70BA010247A9C14005E6B26 /* Resources */,
			);
			buildRules = (
			);
			dependencies = (
			);
			name = "Swift5 WCLShineButton";
			productName = "Swift5 WCLShineButton";
			productReference = E70BA012247A9C14005E6B26 /* Swift5 WCLShineButton.app */;
			productType = "com.apple.product-type.application";
		};
		E70BA027247A9C18005E6B26 /* Swift5 WCLShineButtonTests */ = {
			isa = PBXNativeTarget;
			buildConfigurationList = E70BA03F247A9C18005E6B26 /* Build configuration list for PBXNativeTarget "Swift5 WCLShineButtonTests" */;
			buildPhases = (
				E70BA024247A9C18005E6B26 /* Sources */,
				E70BA025247A9C18005E6B26 /* Frameworks */,
				E70BA026247A9C18005E6B26 /* Resources */,
			);
			buildRules = (
			);
			dependencies = (
				E70BA02A247A9C18005E6B26 /* PBXTargetDependency */,
			);
			name = "Swift5 WCLShineButtonTests";
			productName = "Swift5 WCLShineButtonTests";
			productReference = E70BA028247A9C18005E6B26 /* Swift5 WCLShineButtonTests.xctest */;
			productType = "com.apple.product-type.bundle.unit-test";
		};
		E70BA032247A9C18005E6B26 /* Swift5 WCLShineButtonUITests */ = {
			isa = PBXNativeTarget;
			buildConfigurationList = E70BA042247A9C18005E6B26 /* Build configuration list for PBXNativeTarget "Swift5 WCLShineButtonUITests" */;
			buildPhases = (
				E70BA02F247A9C18005E6B26 /* Sources */,
				E70BA030247A9C18005E6B26 /* Frameworks */,
				E70BA031247A9C18005E6B26 /* Resources */,
			);
			buildRules = (
			);
			dependencies = (
				E70BA035247A9C18005E6B26 /* PBXTargetDependency */,
			);
			name = "Swift5 WCLShineButtonUITests";
			productName = "Swift5 WCLShineButtonUITests";
			productReference = E70BA033247A9C18005E6B26 /* Swift5 WCLShineButtonUITests.xctest */;
			productType = "com.apple.product-type.bundle.ui-testing";
		};
/* End PBXNativeTarget section */

/* Begin PBXProject section */
		E70BA00A247A9C14005E6B26 /* Project object */ = {
			isa = PBXProject;
			attributes = {
				LastSwiftUpdateCheck = 1140;
				LastUpgradeCheck = 1140;
				ORGANIZATIONNAME = Hiroaki_Hirabayashi;
				TargetAttributes = {
					E70BA011247A9C14005E6B26 = {
						CreatedOnToolsVersion = 11.4;
					};
					E70BA027247A9C18005E6B26 = {
						CreatedOnToolsVersion = 11.4;
						TestTargetID = E70BA011247A9C14005E6B26;
					};
					E70BA032247A9C18005E6B26 = {
						CreatedOnToolsVersion = 11.4;
						TestTargetID = E70BA011247A9C14005E6B26;
					};
				};
			};
			buildConfigurationList = E70BA00D247A9C14005E6B26 /* Build configuration list for PBXProject "Swift5 WCLShineButton" */;
			compatibilityVersion = "Xcode 9.3";
			developmentRegion = en;
			hasScannedForEncodings = 0;
			knownRegions = (
				en,
				Base,
			);
			mainGroup = E70BA009247A9C14005E6B26;
			productRefGroup = E70BA013247A9C14005E6B26 /* Products */;
			projectDirPath = "";
			projectRoot = "";
			targets = (
				E70BA011247A9C14005E6B26 /* Swift5 WCLShineButton */,
				E70BA027247A9C18005E6B26 /* Swift5 WCLShineButtonTests */,
				E70BA032247A9C18005E6B26 /* Swift5 WCLShineButtonUITests */,
			);
		};
/* End PBXProject section */

/* Begin PBXResourcesBuildPhase section */
		E70BA010247A9C14005E6B26 /* Resources */ = {
			isa = PBXResourcesBuildPhase;
			buildActionMask = 2147483647;
			files = (
				E70BA022247A9C18005E6B26 /* LaunchScreen.storyboard in Resources */,
				E70BA01F247A9C18005E6B26 /* Assets.xcassets in Resources */,
				E70BA01D247A9C14005E6B26 /* Main.storyboard in Resources */,
			);
			runOnlyForDeploymentPostprocessing = 0;
		};
		E70BA026247A9C18005E6B26 /* Resources */ = {
			isa = PBXResourcesBuildPhase;
			buildActionMask = 2147483647;
			files = (
			);
			runOnlyForDeploymentPostprocessing = 0;
		};
		E70BA031247A9C18005E6B26 /* Resources */ = {
			isa = PBXResourcesBuildPhase;
			buildActionMask = 2147483647;
			files = (
			);
			runOnlyForDeploymentPostprocessing = 0;
		};
/* End PBXResourcesBuildPhase section */

/* Begin PBXSourcesBuildPhase section */
		E70BA00E247A9C14005E6B26 /* Sources */ = {
			isa = PBXSourcesBuildPhase;
			buildActionMask = 2147483647;
			files = (
				E70BA01A247A9C14005E6B26 /* ViewController.swift in Sources */,
				E70BA016247A9C14005E6B26 /* AppDelegate.swift in Sources */,
				E70BA018247A9C14005E6B26 /* SceneDelegate.swift in Sources */,
			);
			runOnlyForDeploymentPostprocessing = 0;
		};
		E70BA024247A9C18005E6B26 /* Sources */ = {
			isa = PBXSourcesBuildPhase;
			buildActionMask = 2147483647;
			files = (
				E70BA02D247A9C18005E6B26 /* Swift5_WCLShineButtonTests.swift in Sources */,
			);
			runOnlyForDeploymentPostprocessing = 0;
		};
		E70BA02F247A9C18005E6B26 /* Sources */ = {
			isa = PBXSourcesBuildPhase;
			buildActionMask = 2147483647;
			files = (
				E70BA038247A9C18005E6B26 /* Swift5_WCLShineButtonUITests.swift in Sources */,
			);
			runOnlyForDeploymentPostprocessing = 0;
		};
/* End PBXSourcesBuildPhase section */

/* Begin PBXTargetDependency section */
		E70BA02A247A9C18005E6B26 /* PBXTargetDependency */ = {
			isa = PBXTargetDependency;
			target = E70BA011247A9C14005E6B26 /* Swift5 WCLShineButton */;
			targetProxy = E70BA029247A9C18005E6B26 /* PBXContainerItemProxy */;
		};
		E70BA035247A9C18005E6B26 /* PBXTargetDependency */ = {
			isa = PBXTargetDependency;
			target = E70BA011247A9C14005E6B26 /* Swift5 WCLShineButton */;
			targetProxy = E70BA034247A9C18005E6B26 /* PBXContainerItemProxy */;
		};
/* End PBXTargetDependency section */

/* Begin PBXVariantGroup section */
		E70BA01B247A9C14005E6B26 /* Main.storyboard */ = {
			isa = PBXVariantGroup;
			children = (
				E70BA01C247A9C14005E6B26 /* Base */,
			);
			name = Main.storyboard;
			sourceTree = "<group>";
		};
		E70BA020247A9C18005E6B26 /* LaunchScreen.storyboard */ = {
			isa = PBXVariantGroup;
			children = (
				E70BA021247A9C18005E6B26 /* Base */,
			);
			name = LaunchScreen.storyboard;
			sourceTree = "<group>";
		};
/* End PBXVariantGroup section */

/* Begin XCBuildConfiguration section */
		E70BA03A247A9C18005E6B26 /* Debug */ = {
			isa = XCBuildConfiguration;
			buildSettings = {
				ALWAYS_SEARCH_USER_PATHS = NO;
				CLANG_ANALYZER_NONNULL = YES;
				CLANG_ANALYZER_NUMBER_OBJECT_CONVERSION = YES_AGGRESSIVE;
				CLANG_CXX_LANGUAGE_STANDARD = "gnu++14";
				CLANG_CXX_LIBRARY = "libc++";
				CLANG_ENABLE_MODULES = YES;
				CLANG_ENABLE_OBJC_ARC = YES;
				CLANG_ENABLE_OBJC_WEAK = YES;
				CLANG_WARN_BLOCK_CAPTURE_AUTORELEASING = YES;
				CLANG_WARN_BOOL_CONVERSION = YES;
				CLANG_WARN_COMMA = YES;
				CLANG_WARN_CONSTANT_CONVERSION = YES;
				CLANG_WARN_DEPRECATED_OBJC_IMPLEMENTATIONS = YES;
				CLANG_WARN_DIRECT_OBJC_ISA_USAGE = YES_ERROR;
				CLANG_WARN_DOCUMENTATION_COMMENTS = YES;
				CLANG_WARN_EMPTY_BODY = YES;
				CLANG_WARN_ENUM_CONVERSION = YES;
				CLANG_WARN_INFINITE_RECURSION = YES;
				CLANG_WARN_INT_CONVERSION = YES;
				CLANG_WARN_NON_LITERAL_NULL_CONVERSION = YES;
				CLANG_WARN_OBJC_IMPLICIT_RETAIN_SELF = YES;
				CLANG_WARN_OBJC_LITERAL_CONVERSION = YES;
				CLANG_WARN_OBJC_ROOT_CLASS = YES_ERROR;
				CLANG_WARN_RANGE_LOOP_ANALYSIS = YES;
				CLANG_WARN_STRICT_PROTOTYPES = YES;
				CLANG_WARN_SUSPICIOUS_MOVE = YES;
				CLANG_WARN_UNGUARDED_AVAILABILITY = YES_AGGRESSIVE;
				CLANG_WARN_UNREACHABLE_CODE = YES;
				CLANG_WARN__DUPLICATE_METHOD_MATCH = YES;
				COPY_PHASE_STRIP = NO;
				DEBUG_INFORMATION_FORMAT = dwarf;
				ENABLE_STRICT_OBJC_MSGSEND = YES;
				ENABLE_TESTABILITY = YES;
				GCC_C_LANGUAGE_STANDARD = gnu11;
				GCC_DYNAMIC_NO_PIC = NO;
				GCC_NO_COMMON_BLOCKS = YES;
				GCC_OPTIMIZATION_LEVEL = 0;
				GCC_PREPROCESSOR_DEFINITIONS = (
					"DEBUG=1",
					"$(inherited)",
				);
				GCC_WARN_64_TO_32_BIT_CONVERSION = YES;
				GCC_WARN_ABOUT_RETURN_TYPE = YES_ERROR;
				GCC_WARN_UNDECLARED_SELECTOR = YES;
				GCC_WARN_UNINITIALIZED_AUTOS = YES_AGGRESSIVE;
				GCC_WARN_UNUSED_FUNCTION = YES;
				GCC_WARN_UNUSED_VARIABLE = YES;
				IPHONEOS_DEPLOYMENT_TARGET = 13.4;
				MTL_ENABLE_DEBUG_INFO = INCLUDE_SOURCE;
				MTL_FAST_MATH = YES;
				ONLY_ACTIVE_ARCH = YES;
				SDKROOT = iphoneos;
				SWIFT_ACTIVE_COMPILATION_CONDITIONS = DEBUG;
				SWIFT_OPTIMIZATION_LEVEL = "-Onone";
			};
			name = Debug;
		};
		E70BA03B247A9C18005E6B26 /* Release */ = {
			isa = XCBuildConfiguration;
			buildSettings = {
				ALWAYS_SEARCH_USER_PATHS = NO;
				CLANG_ANALYZER_NONNULL = YES;
				CLANG_ANALYZER_NUMBER_OBJECT_CONVERSION = YES_AGGRESSIVE;
				CLANG_CXX_LANGUAGE_STANDARD = "gnu++14";
				CLANG_CXX_LIBRARY = "libc++";
				CLANG_ENABLE_MODULES = YES;
				CLANG_ENABLE_OBJC_ARC = YES;
				CLANG_ENABLE_OBJC_WEAK = YES;
				CLANG_WARN_BLOCK_CAPTURE_AUTORELEASING = YES;
				CLANG_WARN_BOOL_CONVERSION = YES;
				CLANG_WARN_COMMA = YES;
				CLANG_WARN_CONSTANT_CONVERSION = YES;
				CLANG_WARN_DEPRECATED_OBJC_IMPLEMENTATIONS = YES;
				CLANG_WARN_DIRECT_OBJC_ISA_USAGE = YES_ERROR;
				CLANG_WARN_DOCUMENTATION_COMMENTS = YES;
				CLANG_WARN_EMPTY_BODY = YES;
				CLANG_WARN_ENUM_CONVERSION = YES;
				CLANG_WARN_INFINITE_RECURSION = YES;
				CLANG_WARN_INT_CONVERSION = YES;
				CLANG_WARN_NON_LITERAL_NULL_CONVERSION = YES;
				CLANG_WARN_OBJC_IMPLICIT_RETAIN_SELF = YES;
				CLANG_WARN_OBJC_LITERAL_CONVERSION = YES;
				CLANG_WARN_OBJC_ROOT_CLASS = YES_ERROR;
				CLANG_WARN_RANGE_LOOP_ANALYSIS = YES;
				CLANG_WARN_STRICT_PROTOTYPES = YES;
				CLANG_WARN_SUSPICIOUS_MOVE = YES;
				CLANG_WARN_UNGUARDED_AVAILABILITY = YES_AGGRESSIVE;
				CLANG_WARN_UNREACHABLE_CODE = YES;
				CLANG_WARN__DUPLICATE_METHOD_MATCH = YES;
				COPY_PHASE_STRIP = NO;
				DEBUG_INFORMATION_FORMAT = "dwarf-with-dsym";
				ENABLE_NS_ASSERTIONS = NO;
				ENABLE_STRICT_OBJC_MSGSEND = YES;
				GCC_C_LANGUAGE_STANDARD = gnu11;
				GCC_NO_COMMON_BLOCKS = YES;
				GCC_WARN_64_TO_32_BIT_CONVERSION = YES;
				GCC_WARN_ABOUT_RETURN_TYPE = YES_ERROR;
				GCC_WARN_UNDECLARED_SELECTOR = YES;
				GCC_WARN_UNINITIALIZED_AUTOS = YES_AGGRESSIVE;
				GCC_WARN_UNUSED_FUNCTION = YES;
				GCC_WARN_UNUSED_VARIABLE = YES;
				IPHONEOS_DEPLOYMENT_TARGET = 13.4;
				MTL_ENABLE_DEBUG_INFO = NO;
				MTL_FAST_MATH = YES;
				SDKROOT = iphoneos;
				SWIFT_COMPILATION_MODE = wholemodule;
				SWIFT_OPTIMIZATION_LEVEL = "-O";
				VALIDATE_PRODUCT = YES;
			};
			name = Release;
		};
		E70BA03D247A9C18005E6B26 /* Debug */ = {
			isa = XCBuildConfiguration;
			buildSettings = {
				ASSETCATALOG_COMPILER_APPICON_NAME = AppIcon;
				CODE_SIGN_STYLE = Automatic;
				INFOPLIST_FILE = "Swift5 WCLShineButton/Info.plist";
				LD_RUNPATH_SEARCH_PATHS = (
					"$(inherited)",
					"@executable_path/Frameworks",
				);
				PRODUCT_BUNDLE_IDENTIFIER = "com.-Hiroaki-Hirabayashi.Swift5-WCLShineButton";
				PRODUCT_NAME = "$(TARGET_NAME)";
				SWIFT_VERSION = 5.0;
				TARGETED_DEVICE_FAMILY = "1,2";
			};
			name = Debug;
		};
		E70BA03E247A9C18005E6B26 /* Release */ = {
			isa = XCBuildConfiguration;
			buildSettings = {
				ASSETCATALOG_COMPILER_APPICON_NAME = AppIcon;
				CODE_SIGN_STYLE = Automatic;
				INFOPLIST_FILE = "Swift5 WCLShineButton/Info.plist";
				LD_RUNPATH_SEARCH_PATHS = (
					"$(inherited)",
					"@executable_path/Frameworks",
				);
				PRODUCT_BUNDLE_IDENTIFIER = "com.-Hiroaki-Hirabayashi.Swift5-WCLShineButton";
				PRODUCT_NAME = "$(TARGET_NAME)";
				SWIFT_VERSION = 5.0;
				TARGETED_DEVICE_FAMILY = "1,2";
			};
			name = Release;
		};
		E70BA040247A9C18005E6B26 /* Debug */ = {
			isa = XCBuildConfiguration;
			buildSettings = {
				ALWAYS_EMBED_SWIFT_STANDARD_LIBRARIES = YES;
				BUNDLE_LOADER = "$(TEST_HOST)";
				CODE_SIGN_STYLE = Automatic;
				INFOPLIST_FILE = "Swift5 WCLShineButtonTests/Info.plist";
				IPHONEOS_DEPLOYMENT_TARGET = 13.4;
				LD_RUNPATH_SEARCH_PATHS = (
					"$(inherited)",
					"@executable_path/Frameworks",
					"@loader_path/Frameworks",
				);
				PRODUCT_BUNDLE_IDENTIFIER = "com.-Hiroaki-Hirabayashi.Swift5-WCLShineButtonTests";
				PRODUCT_NAME = "$(TARGET_NAME)";
				SWIFT_VERSION = 5.0;
				TARGETED_DEVICE_FAMILY = "1,2";
				TEST_HOST = "$(BUILT_PRODUCTS_DIR)/Swift5 WCLShineButton.app/Swift5 WCLShineButton";
			};
			name = Debug;
		};
		E70BA041247A9C18005E6B26 /* Release */ = {
			isa = XCBuildConfiguration;
			buildSettings = {
				ALWAYS_EMBED_SWIFT_STANDARD_LIBRARIES = YES;
				BUNDLE_LOADER = "$(TEST_HOST)";
				CODE_SIGN_STYLE = Automatic;
				INFOPLIST_FILE = "Swift5 WCLShineButtonTests/Info.plist";
				IPHONEOS_DEPLOYMENT_TARGET = 13.4;
				LD_RUNPATH_SEARCH_PATHS = (
					"$(inherited)",
					"@executable_path/Frameworks",
					"@loader_path/Frameworks",
				);
				PRODUCT_BUNDLE_IDENTIFIER = "com.-Hiroaki-Hirabayashi.Swift5-WCLShineButtonTests";
				PRODUCT_NAME = "$(TARGET_NAME)";
				SWIFT_VERSION = 5.0;
				TARGETED_DEVICE_FAMILY = "1,2";
				TEST_HOST = "$(BUILT_PRODUCTS_DIR)/Swift5 WCLShineButton.app/Swift5 WCLShineButton";
			};
			name = Release;
		};
		E70BA043247A9C18005E6B26 /* Debug */ = {
			isa = XCBuildConfiguration;
			buildSettings = {
				ALWAYS_EMBED_SWIFT_STANDARD_LIBRARIES = YES;
				CODE_SIGN_STYLE = Automatic;
				INFOPLIST_FILE = "Swift5 WCLShineButtonUITests/Info.plist";
				LD_RUNPATH_SEARCH_PATHS = (
					"$(inherited)",
					"@executable_path/Frameworks",
					"@loader_path/Frameworks",
				);
				PRODUCT_BUNDLE_IDENTIFIER = "com.-Hiroaki-Hirabayashi.Swift5-WCLShineButtonUITests";
				PRODUCT_NAME = "$(TARGET_NAME)";
				SWIFT_VERSION = 5.0;
				TARGETED_DEVICE_FAMILY = "1,2";
				TEST_TARGET_NAME = "Swift5 WCLShineButton";
			};
			name = Debug;
		};
		E70BA044247A9C18005E6B26 /* Release */ = {
			isa = XCBuildConfiguration;
			buildSettings = {
				ALWAYS_EMBED_SWIFT_STANDARD_LIBRARIES = YES;
				CODE_SIGN_STYLE = Automatic;
				INFOPLIST_FILE = "Swift5 WCLShineButtonUITests/Info.plist";
				LD_RUNPATH_SEARCH_PATHS = (
					"$(inherited)",
					"@executable_path/Frameworks",
					"@loader_path/Frameworks",
				);
				PRODUCT_BUNDLE_IDENTIFIER = "com.-Hiroaki-Hirabayashi.Swift5-WCLShineButtonUITests";
				PRODUCT_NAME = "$(TARGET_NAME)";
				SWIFT_VERSION = 5.0;
				TARGETED_DEVICE_FAMILY = "1,2";
				TEST_TARGET_NAME = "Swift5 WCLShineButton";
			};
			name = Release;
		};
/* End XCBuildConfiguration section */

/* Begin XCConfigurationList section */
		E70BA00D247A9C14005E6B26 /* Build configuration list for PBXProject "Swift5 WCLShineButton" */ = {
			isa = XCConfigurationList;
			buildConfigurations = (
				E70BA03A247A9C18005E6B26 /* Debug */,
				E70BA03B247A9C18005E6B26 /* Release */,
			);
			defaultConfigurationIsVisible = 0;
			defaultConfigurationName = Release;
		};
		E70BA03C247A9C18005E6B26 /* Build configuration list for PBXNativeTarget "Swift5 WCLShineButton" */ = {
			isa = XCConfigurationList;
			buildConfigurations = (
				E70BA03D247A9C18005E6B26 /* Debug */,
				E70BA03E247A9C18005E6B26 /* Release */,
			);
			defaultConfigurationIsVisible = 0;
			defaultConfigurationName = Release;
		};
		E70BA03F247A9C18005E6B26 /* Build configuration list for PBXNativeTarget "Swift5 WCLShineButtonTests" */ = {
			isa = XCConfigurationList;
			buildConfigurations = (
				E70BA040247A9C18005E6B26 /* Debug */,
				E70BA041247A9C18005E6B26 /* Release */,
			);
			defaultConfigurationIsVisible = 0;
			defaultConfigurationName = Release;
		};
		E70BA042247A9C18005E6B26 /* Build configuration list for PBXNativeTarget "Swift5 WCLShineButtonUITests" */ = {
			isa = XCConfigurationList;
			buildConfigurations = (
				E70BA043247A9C18005E6B26 /* Debug */,
				E70BA044247A9C18005E6B26 /* Release */,
			);
			defaultConfigurationIsVisible = 0;
			defaultConfigurationName = Release;
		};
/* End XCConfigurationList section */
	};
	rootObject = E70BA00A247A9C14005E6B26 /* Project object */;
}
